{
  "name": "@practical/cfb",
  "version": "1.0.0",
  "lockfileVersion": 1,
  "dependencies": {
    "@types/node": {
      "version": "7.0.29",
      "resolved": "https://registry.npmjs.org/@types/node/-/node-7.0.29.tgz",
      "integrity": "sha512-+8JrLZny/uR+d/jLK9eaV63buRM7X/gNzQk57q76NS4KNKLSKOmxJYFIlwuP2zDvA7wqZj05POPhSd9Z1hYQpQ=="
    },
    "typescript": {
      "version": "2.3.4",
      "resolved": "https://registry.npmjs.org/typescript/-/typescript-2.3.4.tgz",
      "integrity": "sha1-PTgyGCgjHkNPKHUUlZw3qCtin0I="
    }
  }
}
